
Microsoft Visual Studio Solution File, Format Version 12.00
# Visual Studio Version 17
VisualStudioVersion = 17.5.002.0
MinimumVisualStudioVersion = 10.0.40219.1
Project("{9A19103F-16F7-4668-BE54-9A1E7A4F7556}") = "Tribes", "Tribes.csproj", "{48BC7028-91C5-4DBD-87B3-ADBE8AA1E5AF}"
EndProject
Global
	GlobalSection(SolutionConfigurationPlatforms) = preSolution
		Debug|Any CPU = Debug|Any CPU
		Release|Any CPU = Release|Any CPU
	EndGlobalSection
	GlobalSection(ProjectConfigurationPlatforms) = postSolution
		{48BC7028-91C5-4DBD-87B3-ADBE8AA1E5AF}.Debug|Any CPU.ActiveCfg = Debug|Any CPU
		{48BC7028-91C5-4DBD-87B3-ADBE8AA1E5AF}.Debug|Any CPU.Build.0 = Debug|Any CPU
		{48BC7028-91C5-4DBD-87B3-ADBE8AA1E5AF}.Release|Any CPU.ActiveCfg = Release|Any CPU
		{48BC7028-91C5-4DBD-87B3-ADBE8AA1E5AF}.Release|Any CPU.Build.0 = Release|Any CPU
	EndGlobalSection
	GlobalSection(SolutionProperties) = preSolution
		HideSolutionNode = FALSE
	EndGlobalSection
	GlobalSection(ExtensibilityGlobals) = postSolution
		SolutionGuid = {0EB8B186-1434-424D-8C51-217CB03B75E5}
	EndGlobalSection
EndGlobal
